
Microsoft Visual Studio Solution File, Format Version 12.00
# Visual Studio Version 17
VisualStudioVersion = 17.1.32319.34
MinimumVisualStudioVersion = 10.0.40219.1
Project("{FAE04EC0-301F-11D3-BF4B-00C04F79EFBC}") = "Lab2", "Lab2\Lab2.csproj", "{99B95C0F-CC1A-46D0-8C97-19148D7A122A}"
EndProject
Global
	GlobalSection(SolutionConfigurationPlatforms) = preSolution
		Debug|Any CPU = Debug|Any CPU
		Release|Any CPU = Release|Any CPU
	EndGlobalSection
	GlobalSection(ProjectConfigurationPlatforms) = postSolution
		{99B95C0F-CC1A-46D0-8C97-19148D7A122A}.Debug|Any CPU.ActiveCfg = Debug|Any CPU
		{99B95C0F-CC1A-46D0-8C97-19148D7A122A}.Debug|Any CPU.Build.0 = Debug|Any CPU
		{99B95C0F-CC1A-46D0-8C97-19148D7A122A}.Release|Any CPU.ActiveCfg = Release|Any CPU
		{99B95C0F-CC1A-46D0-8C97-19148D7A122A}.Release|Any CPU.Build.0 = Release|Any CPU
	EndGlobalSection
	GlobalSection(SolutionProperties) = preSolution
		HideSolutionNode = FALSE
	EndGlobalSection
	GlobalSection(ExtensibilityGlobals) = postSolution
		SolutionGuid = {ED3B2B1E-8D8D-4B94-B7DC-3204EE893FBE}
	EndGlobalSection
EndGlobal
